
Microsoft Visual Studio Solution File, Format Version 12.00
# Visual Studio Version 17
VisualStudioVersion = 17.9.34723.18
MinimumVisualStudioVersion = 10.0.40219.1
Project("{FAE04EC0-301F-11D3-BF4B-00C04F79EFBC}") = "AtonTest", "AtonTest\AtonTest.csproj", "{2AC95132-5B5D-4CFF-9C1A-E20060508882}"
EndProject
Global
	GlobalSection(SolutionConfigurationPlatforms) = preSolution
		Debug|Any CPU = Debug|Any CPU
		Release|Any CPU = Release|Any CPU
	EndGlobalSection
	GlobalSection(ProjectConfigurationPlatforms) = postSolution
		{2AC95132-5B5D-4CFF-9C1A-E20060508882}.Debug|Any CPU.ActiveCfg = Debug|Any CPU
		{2AC95132-5B5D-4CFF-9C1A-E20060508882}.Debug|Any CPU.Build.0 = Debug|Any CPU
		{2AC95132-5B5D-4CFF-9C1A-E20060508882}.Release|Any CPU.ActiveCfg = Release|Any CPU
		{2AC95132-5B5D-4CFF-9C1A-E20060508882}.Release|Any CPU.Build.0 = Release|Any CPU
	EndGlobalSection
	GlobalSection(SolutionProperties) = preSolution
		HideSolutionNode = FALSE
	EndGlobalSection
	GlobalSection(ExtensibilityGlobals) = postSolution
		SolutionGuid = {195BEE74-F711-43A1-BD15-D2DA0799C0EA}
	EndGlobalSection
EndGlobal
